
Microsoft Visual Studio Solution File, Format Version 12.00
# Visual Studio Version 16
VisualStudioVersion = 16.0.31605.320
MinimumVisualStudioVersion = 10.0.40219.1
Project("{F184B08F-C81C-45F6-A57F-5ABD9991F28F}") = "Control", "Control\Control.vbproj", "{BFAC1AF3-F29C-4AFF-9A74-F159422B13A0}"
EndProject
Global
	GlobalSection(SolutionConfigurationPlatforms) = preSolution
		Debug|Any CPU = Debug|Any CPU
		Release|Any CPU = Release|Any CPU
	EndGlobalSection
	GlobalSection(ProjectConfigurationPlatforms) = postSolution
		{BFAC1AF3-F29C-4AFF-9A74-F159422B13A0}.Debug|Any CPU.ActiveCfg = Debug|Any CPU
		{BFAC1AF3-F29C-4AFF-9A74-F159422B13A0}.Debug|Any CPU.Build.0 = Debug|Any CPU
		{BFAC1AF3-F29C-4AFF-9A74-F159422B13A0}.Release|Any CPU.ActiveCfg = Release|Any CPU
		{BFAC1AF3-F29C-4AFF-9A74-F159422B13A0}.Release|Any CPU.Build.0 = Release|Any CPU
	EndGlobalSection
	GlobalSection(SolutionProperties) = preSolution
		HideSolutionNode = FALSE
	EndGlobalSection
	GlobalSection(ExtensibilityGlobals) = postSolution
		SolutionGuid = {D9A69138-A686-44D1-9B6B-48D021608FB3}
	EndGlobalSection
EndGlobal
